<?xml version="1.0" encoding="utf-8"?>
<Project ToolsVersion="4.0" xmlns="http://schemas.microsoft.com/developer/msbuild/2003">
  <ItemGroup>
    <Filter Include="Header Files">
      <UniqueIdentifier>{07bc7eec-f294-42aa-b76d-a87ffaceb14a}</UniqueIdentifier>
    </Filter>
    <Filter Include="Source Files">
      <UniqueIdentifier>{52190694-212a-4f9c-939d-9fe4fc9e9e23}</UniqueIdentifier>
    </Filter>
    <Filter Include="Header Files\monitoring">
      <UniqueIdentifier>{6c844ebb-5dd6-4134-8f0a-266da6e46b9b}</UniqueIdentifier>
    </Filter>
    <Filter Include="Header Files\logger">
      <UniqueIdentifier>{1d41e2f5-1842-47e4-8337-d08d0b1ba40e}</UniqueIdentifier>
    </Filter>
    <Filter Include="Header Files\networking">
      <UniqueIdentifier>{147ee6c1-3f0f-465a-954c-0a875b8a21e0}</UniqueIdentifier>
    </Filter>
    <Filter Include="Header Files\utils">
      <UniqueIdentifier>{d8c6a2a7-f17c-4d66-8e1f-6ba8e1e91807}</UniqueIdentifier>
    </Filter>
    <Filter Include="Source Files\monitoring">
      <UniqueIdentifier>{f11b8a73-d772-4fea-bbf4-9bea0829b7bc}</UniqueIdentifier>
    </Filter>
    <Filter Include="Source Files\logger">
      <UniqueIdentifier>{dd07f9c1-36bf-489a-94a4-a06832a4c63c}</UniqueIdentifier>
    </Filter>
    <Filter Include="Source Files\networking">
      <UniqueIdentifier>{3b8bbfbb-e589-452a-9fb2-66b98e0678c3}</UniqueIdentifier>
    </Filter>
    <Filter Include="Source Files\utils">
      <UniqueIdentifier>{61ad893e-a8b2-49fb-b391-8e8bd8bb889a}</UniqueIdentifier>
    </Filter>
  </ItemGroup>
  <ItemGroup>
    <ClInclude Include="..\server-win\constants.h">
      <Filter>Header Files</Filter>
    </ClInclude>
    <ClInclude Include="..\server-win\monitoring\LinuxSystemMonitor.h">
      <Filter>Header Files\monitoring</Filter>
    </ClInclude>
    <ClInclude Include="..\server-win\monitoring\SystemMonitor.h">
      <Filter>Header Files\monitoring</Filter>
    </ClInclude>
    <ClInclude Include="..\server-win\logger\FileLogger.h">
      <Filter>Header Files\logger</Filter>
    </ClInclude>
    <ClInclude Include="..\server-win\logger\RequestLogger.h">
      <Filter>Header Files\logger</Filter>
    </ClInclude>
    <ClInclude Include="..\server-win\logger\ResponseLogger.h">
      <Filter>Header Files\logger</Filter>
    </ClInclude>
    <ClInclude Include="..\server-win\networking\Connection.h">
      <Filter>Header Files\networking</Filter>
    </ClInclude>
    <ClInclude Include="..\server-win\networking\LinuxConnection.h">
      <Filter>Header Files\networking</Filter>
    </ClInclude>
    <ClInclude Include="..\server-win\networking\LinuxSocket.h">
      <Filter>Header Files\networking</Filter>
    </ClInclude>
    <ClInclude Include="..\server-win\networking\Socket.h">
      <Filter>Header Files\networking</Filter>
    </ClInclude>
    <ClInclude Include="..\server-win\networking\ThreadPool.h">
      <Filter>Header Files\networking</Filter>
    </ClInclude>
    <ClInclude Include="..\server-win\utils\DateTime.h">
      <Filter>Header Files\utils</Filter>
    </ClInclude>
    <ClInclude Include="..\server-win\utils\Json.h">
      <Filter>Header Files\utils</Filter>
    </ClInclude>
  </ItemGroup>
  <ItemGroup>
    <ClCompile Include="..\server-win\monitoring\LinuxSystemMonitor.cpp">
      <Filter>Source Files\monitoring</Filter>
    </ClCompile>
    <ClCompile Include="..\server-win\monitoring\SystemMonitor.cpp">
      <Filter>Source Files\monitoring</Filter>
    </ClCompile>
    <ClCompile Include="..\server-win\main.cpp">
      <Filter>Source Files</Filter>
    </ClCompile>
    <ClCompile Include="..\server-win\logger\FileLogger.cpp">
      <Filter>Source Files\logger</Filter>
    </ClCompile>
    <ClCompile Include="..\server-win\logger\RequestLogger.cpp">
      <Filter>Source Files\logger</Filter>
    </ClCompile>
    <ClCompile Include="..\server-win\logger\ResponseLogger.cpp">
      <Filter>Source Files\logger</Filter>
    </ClCompile>
    <ClCompile Include="..\server-win\networking\LinuxSocket.cpp">
      <Filter>Source Files\networking</Filter>
    </ClCompile>
    <ClCompile Include="..\server-win\networking\Socket.cpp">
      <Filter>Source Files\networking</Filter>
    </ClCompile>
    <ClCompile Include="..\server-win\networking\ThreadPool.cpp">
      <Filter>Source Files\networking</Filter>
    </ClCompile>
    <ClCompile Include="..\server-win\utils\DateTime.cpp">
      <Filter>Source Files\utils</Filter>
    </ClCompile>
  </ItemGroup>
</Project>