<?xml version="1.0" encoding="utf-8"?>
<Project ToolsVersion="4.0" xmlns="http://schemas.microsoft.com/developer/msbuild/2003">
  <ItemGroup>
    <Filter Include="Header Files">
      <UniqueIdentifier>{c20e9760-bf81-4a38-b391-11bfd61a4ce4}</UniqueIdentifier>
    </Filter>
    <Filter Include="Source Files">
      <UniqueIdentifier>{e840f6f8-74c3-4dc1-b062-3f1890f9bce8}</UniqueIdentifier>
    </Filter>
    <Filter Include="Header Files\monitoring">
      <UniqueIdentifier>{70ae22bb-6333-4249-a4ef-24cdac56db5e}</UniqueIdentifier>
    </Filter>
    <Filter Include="Header Files\logger">
      <UniqueIdentifier>{a97eab9c-1d02-4753-a0af-d3d8a79956fe}</UniqueIdentifier>
    </Filter>
    <Filter Include="Header Files\networking">
      <UniqueIdentifier>{82f144bd-6255-4e42-b283-d4c9ec1220a3}</UniqueIdentifier>
    </Filter>
    <Filter Include="Header Files\utils">
      <UniqueIdentifier>{251cc62c-2929-46a4-9f7e-454cf4d2fccf}</UniqueIdentifier>
    </Filter>
    <Filter Include="Source Files\monitoring">
      <UniqueIdentifier>{861db534-62f1-44cd-9192-cf42fae5eb90}</UniqueIdentifier>
    </Filter>
    <Filter Include="Source Files\logger">
      <UniqueIdentifier>{6e8ef9fe-89e4-4a1e-82a6-d5ca97faa44b}</UniqueIdentifier>
    </Filter>
    <Filter Include="Source Files\networking">
      <UniqueIdentifier>{ee85c08a-a095-421d-93a6-82165f2f34f2}</UniqueIdentifier>
    </Filter>
    <Filter Include="Source Files\utils">
      <UniqueIdentifier>{5b61e983-1ef5-4081-91d2-7c81b1ef6ccb}</UniqueIdentifier>
    </Filter>
  </ItemGroup>
  <ItemGroup>
    <ClInclude Include="..\server\constants.h">
      <Filter>Header Files</Filter>
    </ClInclude>
    <ClInclude Include="..\server\utils\DateTime.h">
      <Filter>Header Files\utils</Filter>
    </ClInclude>
    <ClInclude Include="..\server\utils\Json.h">
      <Filter>Header Files\utils</Filter>
    </ClInclude>
    <ClInclude Include="..\server\networking\Connection.h">
      <Filter>Header Files\networking</Filter>
    </ClInclude>
    <ClInclude Include="..\server\networking\Socket.h">
      <Filter>Header Files\networking</Filter>
    </ClInclude>
    <ClInclude Include="..\server\networking\ThreadPool.h">
      <Filter>Header Files\networking</Filter>
    </ClInclude>
    <ClInclude Include="..\server\logger\FileLogger.h">
      <Filter>Header Files\logger</Filter>
    </ClInclude>
    <ClInclude Include="..\server\logger\RequestLogger.h">
      <Filter>Header Files\logger</Filter>
    </ClInclude>
    <ClInclude Include="..\server\logger\ResponseLogger.h">
      <Filter>Header Files\logger</Filter>
    </ClInclude>
    <ClInclude Include="..\server\monitoring\SystemMonitor.h">
      <Filter>Header Files\monitoring</Filter>
    </ClInclude>
  </ItemGroup>
  <ItemGroup>
    <ClCompile Include="..\server\main.cpp">
      <Filter>Source Files</Filter>
    </ClCompile>
    <ClCompile Include="..\server\utils\DateTime.cpp">
      <Filter>Source Files\utils</Filter>
    </ClCompile>
    <ClCompile Include="..\server\networking\Socket.cpp">
      <Filter>Source Files\networking</Filter>
    </ClCompile>
    <ClCompile Include="..\server\networking\ThreadPool.cpp">
      <Filter>Source Files\networking</Filter>
    </ClCompile>
    <ClCompile Include="..\server\logger\FileLogger.cpp">
      <Filter>Source Files\logger</Filter>
    </ClCompile>
    <ClCompile Include="..\server\logger\RequestLogger.cpp">
      <Filter>Source Files\logger</Filter>
    </ClCompile>
    <ClCompile Include="..\server\logger\ResponseLogger.cpp">
      <Filter>Source Files\logger</Filter>
    </ClCompile>
    <ClCompile Include="..\server\monitoring\SystemMonitor.cpp">
      <Filter>Source Files\monitoring</Filter>
    </ClCompile>
  </ItemGroup>
</Project>