<?xml version="1.0" encoding="utf-8"?>
<Project ToolsVersion="4.0" xmlns="http://schemas.microsoft.com/developer/msbuild/2003">
  <ItemGroup>
    <Filter Include="Header Files">
      <UniqueIdentifier>{259de0cf-dff5-4ee3-934e-bbd64ccd59f3}</UniqueIdentifier>
    </Filter>
    <Filter Include="Source Files">
      <UniqueIdentifier>{ee471d83-292e-4e22-83f7-b0a848876931}</UniqueIdentifier>
    </Filter>
    <Filter Include="Header Files\cli">
      <UniqueIdentifier>{0b9f067e-a60e-48b0-a34f-20125e96ca91}</UniqueIdentifier>
    </Filter>
    <Filter Include="Header Files\networking">
      <UniqueIdentifier>{58332aab-e1d1-4bfc-89c3-9021625c19c3}</UniqueIdentifier>
    </Filter>
    <Filter Include="Header Files\utils">
      <UniqueIdentifier>{3a7fd265-80bf-45de-bfee-41b8a246d28e}</UniqueIdentifier>
    </Filter>
    <Filter Include="Source Files\cli">
      <UniqueIdentifier>{11963bdc-6b21-44c2-a11e-e4427b1922e2}</UniqueIdentifier>
    </Filter>
    <Filter Include="Source Files\networking">
      <UniqueIdentifier>{d4f52135-fe5d-48bc-9da1-fd1267316aef}</UniqueIdentifier>
    </Filter>
  </ItemGroup>
  <ItemGroup>
    <ClCompile Include="..\client-win\main.cpp">
      <Filter>Source Files</Filter>
    </ClCompile>
    <ClCompile Include="..\client-win\networking\LinuxSocket.cpp">
      <Filter>Source Files\networking</Filter>
    </ClCompile>
    <ClCompile Include="..\client-win\cli\RequestSelector.cpp">
      <Filter>Source Files\cli</Filter>
    </ClCompile>
  </ItemGroup>
  <ItemGroup>
    <ClInclude Include="..\client-win\networking\LinuxSocket.h">
      <Filter>Header Files\networking</Filter>
    </ClInclude>
    <ClInclude Include="..\client-win\networking\Socket.h">
      <Filter>Header Files\networking</Filter>
    </ClInclude>
    <ClInclude Include="..\client-win\cli\RequestSelector.h">
      <Filter>Header Files\cli</Filter>
    </ClInclude>
    <ClInclude Include="..\client-win\utils\Json.h">
      <Filter>Header Files\utils</Filter>
    </ClInclude>
    <ClInclude Include="..\server-win\constants.h">
      <Filter>Header Files</Filter>
    </ClInclude>
  </ItemGroup>
</Project>