<?xml version="1.0" encoding="utf-8"?>
<Project ToolsVersion="4.0" xmlns="http://schemas.microsoft.com/developer/msbuild/2003">
  <ItemGroup>
    <Filter Include="Source Files">
      <UniqueIdentifier>{4FC737F1-C7A5-4376-A066-2A32D752A2FF}</UniqueIdentifier>
      <Extensions>cpp;c;cc;cxx;c++;cppm;ixx;def;odl;idl;hpj;bat;asm;asmx</Extensions>
    </Filter>
    <Filter Include="Header Files">
      <UniqueIdentifier>{93995380-89BD-4b04-88EB-625FBE52EBFB}</UniqueIdentifier>
      <Extensions>h;hh;hpp;hxx;h++;hm;inl;inc;ipp;xsd</Extensions>
    </Filter>
    <Filter Include="Resource Files">
      <UniqueIdentifier>{67DA6AB6-F800-4c08-8B7A-83BB121AAD01}</UniqueIdentifier>
      <Extensions>rc;ico;cur;bmp;dlg;rc2;rct;bin;rgs;gif;jpg;jpeg;jpe;resx;tiff;tif;png;wav;mfcribbon-ms</Extensions>
    </Filter>
    <Filter Include="Source Files\utils">
      <UniqueIdentifier>{bea74a84-0255-4000-a5e9-a40631a0a7a8}</UniqueIdentifier>
    </Filter>
    <Filter Include="Source Files\logger">
      <UniqueIdentifier>{e39b380a-34ad-4aca-8723-aad8ec1ce370}</UniqueIdentifier>
    </Filter>
    <Filter Include="Source Files\networking">
      <UniqueIdentifier>{1514c392-b7ff-4dfb-8e78-ae711e750143}</UniqueIdentifier>
    </Filter>
    <Filter Include="Header Files\logger">
      <UniqueIdentifier>{6133fbaf-aded-4a62-920e-927e80050786}</UniqueIdentifier>
    </Filter>
    <Filter Include="Header Files\networking">
      <UniqueIdentifier>{3a7b8b4e-8d10-4e44-a5dd-c8198d561d30}</UniqueIdentifier>
    </Filter>
    <Filter Include="Header Files\utils">
      <UniqueIdentifier>{b3900db4-958d-4430-b588-6b13723c0071}</UniqueIdentifier>
    </Filter>
    <Filter Include="Source Files\monitoring">
      <UniqueIdentifier>{7237b9e5-ab5d-4358-ad5a-fe0cd12a27b7}</UniqueIdentifier>
    </Filter>
    <Filter Include="Header Files\monitoring">
      <UniqueIdentifier>{7d8f96ce-4af5-4739-8567-4421513b6337}</UniqueIdentifier>
    </Filter>
  </ItemGroup>
  <ItemGroup>
    <ClCompile Include="utils\DateTime.cpp">
      <Filter>Source Files\utils</Filter>
    </ClCompile>
    <ClCompile Include="logger\RequestLogger.cpp">
      <Filter>Source Files\logger</Filter>
    </ClCompile>
    <ClCompile Include="logger\FileLogger.cpp">
      <Filter>Source Files\logger</Filter>
    </ClCompile>
    <ClCompile Include="networking\WinSocket.cpp">
      <Filter>Source Files\networking</Filter>
    </ClCompile>
    <ClCompile Include="main.cpp">
      <Filter>Source Files</Filter>
    </ClCompile>
    <ClCompile Include="logger\ResponseLogger.cpp">
      <Filter>Source Files\logger</Filter>
    </ClCompile>
    <ClCompile Include="monitoring\WinSystemMonitor.cpp">
      <Filter>Source Files\monitoring</Filter>
    </ClCompile>
    <ClCompile Include="networking\Socket.cpp">
      <Filter>Source Files\networking</Filter>
    </ClCompile>
    <ClCompile Include="networking\ThreadPool.cpp">
      <Filter>Source Files\networking</Filter>
    </ClCompile>
    <ClCompile Include="monitoring\SystemMonitor.cpp">
      <Filter>Source Files\monitoring</Filter>
    </ClCompile>
  </ItemGroup>
  <ItemGroup>
    <ClInclude Include="logger\FileLogger.h">
      <Filter>Header Files\logger</Filter>
    </ClInclude>
    <ClInclude Include="logger\RequestLogger.h">
      <Filter>Header Files\logger</Filter>
    </ClInclude>
    <ClInclude Include="logger\ResponseLogger.h">
      <Filter>Header Files\logger</Filter>
    </ClInclude>
    <ClInclude Include="networking\Socket.h">
      <Filter>Header Files\networking</Filter>
    </ClInclude>
    <ClInclude Include="networking\ThreadPool.h">
      <Filter>Header Files\networking</Filter>
    </ClInclude>
    <ClInclude Include="networking\WinSocket.h">
      <Filter>Header Files\networking</Filter>
    </ClInclude>
    <ClInclude Include="utils\DateTime.h">
      <Filter>Header Files\utils</Filter>
    </ClInclude>
    <ClInclude Include="constants.h">
      <Filter>Header Files</Filter>
    </ClInclude>
    <ClInclude Include="monitoring\SystemMonitor.h">
      <Filter>Header Files\monitoring</Filter>
    </ClInclude>
    <ClInclude Include="monitoring\WinSystemMonitor.h">
      <Filter>Header Files\monitoring</Filter>
    </ClInclude>
    <ClInclude Include="networking\Connection.h">
      <Filter>Header Files\networking</Filter>
    </ClInclude>
    <ClInclude Include="networking\WinConnection.h">
      <Filter>Header Files\networking</Filter>
    </ClInclude>
    <ClInclude Include="utils\Json.h">
      <Filter>Header Files\utils</Filter>
    </ClInclude>
  </ItemGroup>
</Project>